
Microsoft Visual Studio Solution File, Format Version 12.00
# Visual Studio Version 17
VisualStudioVersion = 17.5.002.0
MinimumVisualStudioVersion = 10.0.40219.1
Project("{2150E333-8FDC-42A3-9474-1A3956D46DE8}") = "New", "New", "{3EFACDAC-9AC9-43F9-A595-F868AC9AE963}"
EndProject
Project("{2150E333-8FDC-42A3-9474-1A3956D46DE8}") = "backend", "backend", "{D4D55746-92FC-4EF8-B0FE-41F3D5D4156E}"
EndProject
Project("{9A19103F-16F7-4668-BE54-9A1E7A4F7556}") = "yes", "New\backend\uploads\yes.csproj", "{8BC25ED3-7C75-4B6F-B745-D6DFB2EB8967}"
EndProject
Global
	GlobalSection(SolutionConfigurationPlatforms) = preSolution
		Debug|Any CPU = Debug|Any CPU
		Release|Any CPU = Release|Any CPU
	EndGlobalSection
	GlobalSection(ProjectConfigurationPlatforms) = postSolution
		{8BC25ED3-7C75-4B6F-B745-D6DFB2EB8967}.Debug|Any CPU.ActiveCfg = Debug|Any CPU
		{8BC25ED3-7C75-4B6F-B745-D6DFB2EB8967}.Debug|Any CPU.Build.0 = Debug|Any CPU
		{8BC25ED3-7C75-4B6F-B745-D6DFB2EB8967}.Release|Any CPU.ActiveCfg = Release|Any CPU
		{8BC25ED3-7C75-4B6F-B745-D6DFB2EB8967}.Release|Any CPU.Build.0 = Release|Any CPU
	EndGlobalSection
	GlobalSection(SolutionProperties) = preSolution
		HideSolutionNode = FALSE
	EndGlobalSection
	GlobalSection(NestedProjects) = preSolution
		{D4D55746-92FC-4EF8-B0FE-41F3D5D4156E} = {3EFACDAC-9AC9-43F9-A595-F868AC9AE963}
		{8BC25ED3-7C75-4B6F-B745-D6DFB2EB8967} = {D4D55746-92FC-4EF8-B0FE-41F3D5D4156E}
	EndGlobalSection
	GlobalSection(ExtensibilityGlobals) = postSolution
		SolutionGuid = {4AEBB6BD-B2C3-4CFA-A99E-AE0A22F9F60A}
	EndGlobalSection
EndGlobal
